
Microsoft Visual Studio Solution File, Format Version 12.00
# Visual Studio Version 17
VisualStudioVersion = 17.0.31903.59
MinimumVisualStudioVersion = 10.0.40219.1
Project("{2150E333-8FDC-42A3-9474-1A3956D46DE8}") = "src", "src", "{827E0CD3-B72D-47B6-A68D-7590B98EB39B}"
EndProject
Project("{2150E333-8FDC-42A3-9474-1A3956D46DE8}") = "GoatQuery", "GoatQuery", "{94160C38-8879-207F-820A-803BE9D227B4}"
EndProject
Project("{2150E333-8FDC-42A3-9474-1A3956D46DE8}") = "src", "src", "{1FEFF0A2-436C-169C-7207-B80A25992048}"
EndProject
Project("{FAE04EC0-301F-11D3-BF4B-00C04F79EFBC}") = "GoatQuery", "src\GoatQuery\src\GoatQuery.csproj", "{66241896-813E-41FA-9BC9-6F771E39BD93}"
EndProject
Project("{FAE04EC0-301F-11D3-BF4B-00C04F79EFBC}") = "tests", "src\GoatQuery\tests\tests.csproj", "{2740BF79-98C8-4A08-BAEF-1823A15AB7CF}"
EndProject
Project("{2150E333-8FDC-42A3-9474-1A3956D46DE8}") = "GoatQuery.AspNetCore", "GoatQuery.AspNetCore", "{A0FD25A3-A54C-9555-6DAE-55D63D9A1B08}"
EndProject
Project("{2150E333-8FDC-42A3-9474-1A3956D46DE8}") = "src", "src", "{9BB897A5-53BC-1E2F-A9E5-833D0C339756}"
EndProject
Project("{FAE04EC0-301F-11D3-BF4B-00C04F79EFBC}") = "GoatQuery.AspNetCore", "src\GoatQuery.AspNetCore\src\GoatQuery.AspNetCore.csproj", "{97B656A2-6BC7-4B6F-BE83-1FE6E07AC87F}"
EndProject
Project("{FAE04EC0-301F-11D3-BF4B-00C04F79EFBC}") = "example", "example\example.csproj", "{867F1F53-E590-45C6-8724-47DAF17EDA7A}"
EndProject
Project("{FAE04EC0-301F-11D3-BF4B-00C04F79EFBC}") = "tests", "src\GoatQuery.AspNetCore\tests\tests.csproj", "{749EC57A-697D-45D9-A7C1-2C8750D328B1}"
EndProject
Global
	GlobalSection(SolutionConfigurationPlatforms) = preSolution
		Debug|Any CPU = Debug|Any CPU
		Debug|x64 = Debug|x64
		Debug|x86 = Debug|x86
		Release|Any CPU = Release|Any CPU
		Release|x64 = Release|x64
		Release|x86 = Release|x86
	EndGlobalSection
	GlobalSection(ProjectConfigurationPlatforms) = postSolution
		{66241896-813E-41FA-9BC9-6F771E39BD93}.Debug|Any CPU.ActiveCfg = Debug|Any CPU
		{66241896-813E-41FA-9BC9-6F771E39BD93}.Debug|Any CPU.Build.0 = Debug|Any CPU
		{66241896-813E-41FA-9BC9-6F771E39BD93}.Debug|x64.ActiveCfg = Debug|Any CPU
		{66241896-813E-41FA-9BC9-6F771E39BD93}.Debug|x64.Build.0 = Debug|Any CPU
		{66241896-813E-41FA-9BC9-6F771E39BD93}.Debug|x86.ActiveCfg = Debug|Any CPU
		{66241896-813E-41FA-9BC9-6F771E39BD93}.Debug|x86.Build.0 = Debug|Any CPU
		{66241896-813E-41FA-9BC9-6F771E39BD93}.Release|Any CPU.ActiveCfg = Release|Any CPU
		{66241896-813E-41FA-9BC9-6F771E39BD93}.Release|Any CPU.Build.0 = Release|Any CPU
		{66241896-813E-41FA-9BC9-6F771E39BD93}.Release|x64.ActiveCfg = Release|Any CPU
		{66241896-813E-41FA-9BC9-6F771E39BD93}.Release|x64.Build.0 = Release|Any CPU
		{66241896-813E-41FA-9BC9-6F771E39BD93}.Release|x86.ActiveCfg = Release|Any CPU
		{66241896-813E-41FA-9BC9-6F771E39BD93}.Release|x86.Build.0 = Release|Any CPU
		{2740BF79-98C8-4A08-BAEF-1823A15AB7CF}.Debug|Any CPU.ActiveCfg = Debug|Any CPU
		{2740BF79-98C8-4A08-BAEF-1823A15AB7CF}.Debug|Any CPU.Build.0 = Debug|Any CPU
		{2740BF79-98C8-4A08-BAEF-1823A15AB7CF}.Debug|x64.ActiveCfg = Debug|Any CPU
		{2740BF79-98C8-4A08-BAEF-1823A15AB7CF}.Debug|x64.Build.0 = Debug|Any CPU
		{2740BF79-98C8-4A08-BAEF-1823A15AB7CF}.Debug|x86.ActiveCfg = Debug|Any CPU
		{2740BF79-98C8-4A08-BAEF-1823A15AB7CF}.Debug|x86.Build.0 = Debug|Any CPU
		{2740BF79-98C8-4A08-BAEF-1823A15AB7CF}.Release|Any CPU.ActiveCfg = Release|Any CPU
		{2740BF79-98C8-4A08-BAEF-1823A15AB7CF}.Release|Any CPU.Build.0 = Release|Any CPU
		{2740BF79-98C8-4A08-BAEF-1823A15AB7CF}.Release|x64.ActiveCfg = Release|Any CPU
		{2740BF79-98C8-4A08-BAEF-1823A15AB7CF}.Release|x64.Build.0 = Release|Any CPU
		{2740BF79-98C8-4A08-BAEF-1823A15AB7CF}.Release|x86.ActiveCfg = Release|Any CPU
		{2740BF79-98C8-4A08-BAEF-1823A15AB7CF}.Release|x86.Build.0 = Release|Any CPU
		{97B656A2-6BC7-4B6F-BE83-1FE6E07AC87F}.Debug|Any CPU.ActiveCfg = Debug|Any CPU
		{97B656A2-6BC7-4B6F-BE83-1FE6E07AC87F}.Debug|Any CPU.Build.0 = Debug|Any CPU
		{97B656A2-6BC7-4B6F-BE83-1FE6E07AC87F}.Debug|x64.ActiveCfg = Debug|Any CPU
		{97B656A2-6BC7-4B6F-BE83-1FE6E07AC87F}.Debug|x64.Build.0 = Debug|Any CPU
		{97B656A2-6BC7-4B6F-BE83-1FE6E07AC87F}.Debug|x86.ActiveCfg = Debug|Any CPU
		{97B656A2-6BC7-4B6F-BE83-1FE6E07AC87F}.Debug|x86.Build.0 = Debug|Any CPU
		{97B656A2-6BC7-4B6F-BE83-1FE6E07AC87F}.Release|Any CPU.ActiveCfg = Release|Any CPU
		{97B656A2-6BC7-4B6F-BE83-1FE6E07AC87F}.Release|Any CPU.Build.0 = Release|Any CPU
		{97B656A2-6BC7-4B6F-BE83-1FE6E07AC87F}.Release|x64.ActiveCfg = Release|Any CPU
		{97B656A2-6BC7-4B6F-BE83-1FE6E07AC87F}.Release|x64.Build.0 = Release|Any CPU
		{97B656A2-6BC7-4B6F-BE83-1FE6E07AC87F}.Release|x86.ActiveCfg = Release|Any CPU
		{97B656A2-6BC7-4B6F-BE83-1FE6E07AC87F}.Release|x86.Build.0 = Release|Any CPU
		{867F1F53-E590-45C6-8724-47DAF17EDA7A}.Debug|Any CPU.ActiveCfg = Debug|Any CPU
		{867F1F53-E590-45C6-8724-47DAF17EDA7A}.Debug|Any CPU.Build.0 = Debug|Any CPU
		{867F1F53-E590-45C6-8724-47DAF17EDA7A}.Debug|x64.ActiveCfg = Debug|Any CPU
		{867F1F53-E590-45C6-8724-47DAF17EDA7A}.Debug|x64.Build.0 = Debug|Any CPU
		{867F1F53-E590-45C6-8724-47DAF17EDA7A}.Debug|x86.ActiveCfg = Debug|Any CPU
		{867F1F53-E590-45C6-8724-47DAF17EDA7A}.Debug|x86.Build.0 = Debug|Any CPU
		{867F1F53-E590-45C6-8724-47DAF17EDA7A}.Release|Any CPU.ActiveCfg = Release|Any CPU
		{867F1F53-E590-45C6-8724-47DAF17EDA7A}.Release|Any CPU.Build.0 = Release|Any CPU
		{867F1F53-E590-45C6-8724-47DAF17EDA7A}.Release|x64.ActiveCfg = Release|Any CPU
		{867F1F53-E590-45C6-8724-47DAF17EDA7A}.Release|x64.Build.0 = Release|Any CPU
		{867F1F53-E590-45C6-8724-47DAF17EDA7A}.Release|x86.ActiveCfg = Release|Any CPU
		{867F1F53-E590-45C6-8724-47DAF17EDA7A}.Release|x86.Build.0 = Release|Any CPU
		{749EC57A-697D-45D9-A7C1-2C8750D328B1}.Debug|Any CPU.ActiveCfg = Debug|Any CPU
		{749EC57A-697D-45D9-A7C1-2C8750D328B1}.Debug|Any CPU.Build.0 = Debug|Any CPU
		{749EC57A-697D-45D9-A7C1-2C8750D328B1}.Debug|x64.ActiveCfg = Debug|Any CPU
		{749EC57A-697D-45D9-A7C1-2C8750D328B1}.Debug|x64.Build.0 = Debug|Any CPU
		{749EC57A-697D-45D9-A7C1-2C8750D328B1}.Debug|x86.ActiveCfg = Debug|Any CPU
		{749EC57A-697D-45D9-A7C1-2C8750D328B1}.Debug|x86.Build.0 = Debug|Any CPU
		{749EC57A-697D-45D9-A7C1-2C8750D328B1}.Release|Any CPU.ActiveCfg = Release|Any CPU
		{749EC57A-697D-45D9-A7C1-2C8750D328B1}.Release|Any CPU.Build.0 = Release|Any CPU
		{749EC57A-697D-45D9-A7C1-2C8750D328B1}.Release|x64.ActiveCfg = Release|Any CPU
		{749EC57A-697D-45D9-A7C1-2C8750D328B1}.Release|x64.Build.0 = Release|Any CPU
		{749EC57A-697D-45D9-A7C1-2C8750D328B1}.Release|x86.ActiveCfg = Release|Any CPU
		{749EC57A-697D-45D9-A7C1-2C8750D328B1}.Release|x86.Build.0 = Release|Any CPU
	EndGlobalSection
	GlobalSection(SolutionProperties) = preSolution
		HideSolutionNode = FALSE
	EndGlobalSection
	GlobalSection(NestedProjects) = preSolution
		{94160C38-8879-207F-820A-803BE9D227B4} = {827E0CD3-B72D-47B6-A68D-7590B98EB39B}
		{1FEFF0A2-436C-169C-7207-B80A25992048} = {94160C38-8879-207F-820A-803BE9D227B4}
		{66241896-813E-41FA-9BC9-6F771E39BD93} = {1FEFF0A2-436C-169C-7207-B80A25992048}
		{2740BF79-98C8-4A08-BAEF-1823A15AB7CF} = {94160C38-8879-207F-820A-803BE9D227B4}
		{A0FD25A3-A54C-9555-6DAE-55D63D9A1B08} = {827E0CD3-B72D-47B6-A68D-7590B98EB39B}
		{9BB897A5-53BC-1E2F-A9E5-833D0C339756} = {A0FD25A3-A54C-9555-6DAE-55D63D9A1B08}
		{97B656A2-6BC7-4B6F-BE83-1FE6E07AC87F} = {9BB897A5-53BC-1E2F-A9E5-833D0C339756}
		{749EC57A-697D-45D9-A7C1-2C8750D328B1} = {A0FD25A3-A54C-9555-6DAE-55D63D9A1B08}
	EndGlobalSection
EndGlobal
